{
    "_meta": {
        "hash": {
            "sha256": "e6d0f6bdf60fa91432edd4b98d4abbc80c0a54f6021af46e1cd0193a12dc5b11"
        },
        "pipfile-spec": 6,
        "requires": {
            "python_version": "3.5"
        },
        "sources": [
            {
                "name": "pypi",
                "url": "https://pypi.org/simple",
                "verify_ssl": true
            }
        ]
    },
    "default": {
        "django": {
            "hashes": [
                "sha256:a32c22af23634e1d11425574dce756098e015a165be02e4690179889b207c7a8",
                "sha256:d6393918da830530a9516bbbcbf7f1214c3d733738779f06b0f649f49cc698c3"
            ],
            "index": "pypi",
            "version": "==2.1.5"
        },
        "python-dotenv": {
            "hashes": [
                "sha256:a84569d0e00d178bc5b957f7ff208bf49287cbf61857c31c258c4a91f571527b",
                "sha256:c9b1ddd3cdbe75c7d462cb84674d87130f4b948f090f02c7d7144779afb99ae0"
            ],
            "index": "pypi",
            "version": "==0.10.1"
        },
        "pytz": {
            "hashes": [
                "sha256:32b0891edff07e28efe91284ed9c31e123d84bea3fd98e1f72be2508f43ef8d9",
                "sha256:d5f05e487007e29e03409f9398d074e158d920d36eb82eaf66fb1136b0c5374c"
            ],
            "version": "==2018.9"
        }
    },
    "develop": {}
}
